
Microsoft Visual Studio Solution File, Format Version 12.00
# Visual Studio Version 17
VisualStudioVersion = 17.0.32112.339
MinimumVisualStudioVersion = 10.0.40219.1
Project("{FAE04EC0-301F-11D3-BF4B-00C04F79EFBC}") = "Enunciado B", "Enunciado B\Enunciado B.csproj", "{21C99A57-9221-4FDD-8DEF-C25E0BB63D83}"
EndProject
Global
	GlobalSection(SolutionConfigurationPlatforms) = preSolution
		Debug|Any CPU = Debug|Any CPU
		Release|Any CPU = Release|Any CPU
	EndGlobalSection
	GlobalSection(ProjectConfigurationPlatforms) = postSolution
		{21C99A57-9221-4FDD-8DEF-C25E0BB63D83}.Debug|Any CPU.ActiveCfg = Debug|Any CPU
		{21C99A57-9221-4FDD-8DEF-C25E0BB63D83}.Debug|Any CPU.Build.0 = Debug|Any CPU
		{21C99A57-9221-4FDD-8DEF-C25E0BB63D83}.Release|Any CPU.ActiveCfg = Release|Any CPU
		{21C99A57-9221-4FDD-8DEF-C25E0BB63D83}.Release|Any CPU.Build.0 = Release|Any CPU
	EndGlobalSection
	GlobalSection(SolutionProperties) = preSolution
		HideSolutionNode = FALSE
	EndGlobalSection
	GlobalSection(ExtensibilityGlobals) = postSolution
		SolutionGuid = {1C7434E2-5E72-412B-A7DC-386F310F81DD}
	EndGlobalSection
EndGlobal
